
Microsoft Visual Studio Solution File, Format Version 11.00
# Visual Studio 2010
Project("{FAE04EC0-301F-11D3-BF4B-00C04F79EFBC}") = "ZibraAILiquid", "ZibraAILiquid.csproj", "{bc6323a7-ee75-f6db-9525-37b146814ecc}"
EndProject
Project("{FAE04EC0-301F-11D3-BF4B-00C04F79EFBC}") = "ZibraAILiquid.Samples", "ZibraAILiquid.Samples.csproj", "{2794b96f-194c-3454-5f53-de8110e43bd5}"
EndProject
Project("{FAE04EC0-301F-11D3-BF4B-00C04F79EFBC}") = "Unity.XR.Interaction.Toolkit.Samples.StarterAssets", "Unity.XR.Interaction.Toolkit.Samples.StarterAssets.csproj", "{34504527-121a-1d80-5faa-4559e76be0fe}"
EndProject
Project("{FAE04EC0-301F-11D3-BF4B-00C04F79EFBC}") = "Assembly-CSharp", "Assembly-CSharp.csproj", "{29b10dde-44ca-a28e-c3d7-e5717dfda636}"
EndProject
Project("{FAE04EC0-301F-11D3-BF4B-00C04F79EFBC}") = "ZibraAILiquid.Settings.Editor", "ZibraAILiquid.Settings.Editor.csproj", "{1ad39fd9-11d9-b031-552e-f70c2ed29386}"
EndProject
Project("{FAE04EC0-301F-11D3-BF4B-00C04F79EFBC}") = "ZibraAILiquid.Editor", "ZibraAILiquid.Editor.csproj", "{8382cf8a-7ef6-80a8-7b6d-bbf3b7822cc9}"
EndProject
Project("{FAE04EC0-301F-11D3-BF4B-00C04F79EFBC}") = "Assembly-CSharp-Editor", "Assembly-CSharp-Editor.csproj", "{15ba78d0-459a-ee2d-ad1d-9fd03b3fb68e}"
EndProject
Global
	GlobalSection(SolutionConfigurationPlatforms) = preSolution
		Debug|Any CPU = Debug|Any CPU
	EndGlobalSection
	GlobalSection(ProjectConfigurationPlatforms) = postSolution
		{bc6323a7-ee75-f6db-9525-37b146814ecc}.Debug|Any CPU.ActiveCfg = Debug|Any CPU
		{bc6323a7-ee75-f6db-9525-37b146814ecc}.Debug|Any CPU.Build.0 = Debug|Any CPU
		{2794b96f-194c-3454-5f53-de8110e43bd5}.Debug|Any CPU.ActiveCfg = Debug|Any CPU
		{2794b96f-194c-3454-5f53-de8110e43bd5}.Debug|Any CPU.Build.0 = Debug|Any CPU
		{34504527-121a-1d80-5faa-4559e76be0fe}.Debug|Any CPU.ActiveCfg = Debug|Any CPU
		{34504527-121a-1d80-5faa-4559e76be0fe}.Debug|Any CPU.Build.0 = Debug|Any CPU
		{29b10dde-44ca-a28e-c3d7-e5717dfda636}.Debug|Any CPU.ActiveCfg = Debug|Any CPU
		{29b10dde-44ca-a28e-c3d7-e5717dfda636}.Debug|Any CPU.Build.0 = Debug|Any CPU
		{1ad39fd9-11d9-b031-552e-f70c2ed29386}.Debug|Any CPU.ActiveCfg = Debug|Any CPU
		{1ad39fd9-11d9-b031-552e-f70c2ed29386}.Debug|Any CPU.Build.0 = Debug|Any CPU
		{8382cf8a-7ef6-80a8-7b6d-bbf3b7822cc9}.Debug|Any CPU.ActiveCfg = Debug|Any CPU
		{8382cf8a-7ef6-80a8-7b6d-bbf3b7822cc9}.Debug|Any CPU.Build.0 = Debug|Any CPU
		{15ba78d0-459a-ee2d-ad1d-9fd03b3fb68e}.Debug|Any CPU.ActiveCfg = Debug|Any CPU
		{15ba78d0-459a-ee2d-ad1d-9fd03b3fb68e}.Debug|Any CPU.Build.0 = Debug|Any CPU
	EndGlobalSection
	GlobalSection(SolutionProperties) = preSolution
		HideSolutionNode = FALSE
	EndGlobalSection
EndGlobal
